// !$*UTF8*$!
{
	archiveVersion = 1;
	classes = {
	};
	objectVersion = 46;
	objects = {

/* Begin PBXBuildFile section */
		9A05EF1C1E95FD68008EEEF8 /* AppDelegate.swift in Sources */ = {isa = PBXBuildFile; fileRef = 9A05EF1B1E95FD68008EEEF8 /* AppDelegate.swift */; };
		9A05EF1E1E95FD68008EEEF8 /* ViewController.swift in Sources */ = {isa = PBXBuildFile; fileRef = 9A05EF1D1E95FD68008EEEF8 /* ViewController.swift */; };
		9A05EF211E95FD68008EEEF8 /* Main.storyboard in Resources */ = {isa = PBXBuildFile; fileRef = 9A05EF1F1E95FD68008EEEF8 /* Main.storyboard */; };
		9A05EF231E95FD68008EEEF8 /* Assets.xcassets in Resources */ = {isa = PBXBuildFile; fileRef = 9A05EF221E95FD68008EEEF8 /* Assets.xcassets */; };
		9A05EF261E95FD68008EEEF8 /* LaunchScreen.storyboard in Resources */ = {isa = PBXBuildFile; fileRef = 9A05EF241E95FD68008EEEF8 /* LaunchScreen.storyboard */; };
		9A05EF3E1E968FA8008EEEF8 /* PrimeNumbersTests.swift in Sources */ = {isa = PBXBuildFile; fileRef = 9A05EF2E1E968EEE008EEEF8 /* PrimeNumbersTests.swift */; };
		9A05EF401E969492008EEEF8 /* ListOfFirst100000Primes.swift in Sources */ = {isa = PBXBuildFile; fileRef = 9A05EF3F1E969492008EEEF8 /* ListOfFirst100000Primes.swift */; };
/* End PBXBuildFile section */

/* Begin PBXContainerItemProxy section */
		9A05EF391E968F4E008EEEF8 /* PBXContainerItemProxy */ = {
			isa = PBXContainerItemProxy;
			containerPortal = 9A05EF101E95FD68008EEEF8 /* Project object */;
			proxyType = 1;
			remoteGlobalIDString = 9A05EF171E95FD68008EEEF8;
			remoteInfo = ArithmeticProgression;
		};
/* End PBXContainerItemProxy section */

/* Begin PBXFileReference section */
		9A05EF181E95FD68008EEEF8 /* ArithmeticProgression.app */ = {isa = PBXFileReference; explicitFileType = wrapper.application; includeInIndex = 0; path = ArithmeticProgression.app; sourceTree = BUILT_PRODUCTS_DIR; };
		9A05EF1B1E95FD68008EEEF8 /* AppDelegate.swift */ = {isa = PBXFileReference; lastKnownFileType = sourcecode.swift; path = AppDelegate.swift; sourceTree = "<group>"; };
		9A05EF1D1E95FD68008EEEF8 /* ViewController.swift */ = {isa = PBXFileReference; lastKnownFileType = sourcecode.swift; path = ViewController.swift; sourceTree = "<group>"; };
		9A05EF201E95FD68008EEEF8 /* Base */ = {isa = PBXFileReference; lastKnownFileType = file.storyboard; name = Base; path = Base.lproj/Main.storyboard; sourceTree = "<group>"; };
		9A05EF221E95FD68008EEEF8 /* Assets.xcassets */ = {isa = PBXFileReference; lastKnownFileType = folder.assetcatalog; path = Assets.xcassets; sourceTree = "<group>"; };
		9A05EF251E95FD68008EEEF8 /* Base */ = {isa = PBXFileReference; lastKnownFileType = file.storyboard; name = Base; path = Base.lproj/LaunchScreen.storyboard; sourceTree = "<group>"; };
		9A05EF271E95FD68008EEEF8 /* Info.plist */ = {isa = PBXFileReference; lastKnownFileType = text.plist.xml; path = Info.plist; sourceTree = "<group>"; };
		9A05EF2E1E968EEE008EEEF8 /* PrimeNumbersTests.swift */ = {isa = PBXFileReference; fileEncoding = 4; lastKnownFileType = sourcecode.swift; name = PrimeNumbersTests.swift; path = ../ArithmeticProgression/Tests/PrimeNumbersTests.swift; sourceTree = "<group>"; };
		9A05EF341E968F4D008EEEF8 /* ArithmeticProgressionTests.xctest */ = {isa = PBXFileReference; explicitFileType = wrapper.cfbundle; includeInIndex = 0; path = ArithmeticProgressionTests.xctest; sourceTree = BUILT_PRODUCTS_DIR; };
		9A05EF381E968F4E008EEEF8 /* Info.plist */ = {isa = PBXFileReference; lastKnownFileType = text.plist.xml; path = Info.plist; sourceTree = "<group>"; };
		9A05EF3F1E969492008EEEF8 /* ListOfFirst100000Primes.swift */ = {isa = PBXFileReference; fileEncoding = 4; lastKnownFileType = sourcecode.swift; path = ListOfFirst100000Primes.swift; sourceTree = "<group>"; };
/* End PBXFileReference section */

/* Begin PBXFrameworksBuildPhase section */
		9A05EF151E95FD68008EEEF8 /* Frameworks */ = {
			isa = PBXFrameworksBuildPhase;
			buildActionMask = 2147483647;
			files = (
			);
			runOnlyForDeploymentPostprocessing = 0;
		};
		9A05EF311E968F4D008EEEF8 /* Frameworks */ = {
			isa = PBXFrameworksBuildPhase;
			buildActionMask = 2147483647;
			files = (
			);
			runOnlyForDeploymentPostprocessing = 0;
		};
/* End PBXFrameworksBuildPhase section */

/* Begin PBXGroup section */
		9A05EF0F1E95FD68008EEEF8 = {
			isa = PBXGroup;
			children = (
				9A05EF1A1E95FD68008EEEF8 /* ArithmeticProgression */,
				9A05EF351E968F4E008EEEF8 /* ArithmeticProgressionTests */,
				9A05EF191E95FD68008EEEF8 /* Products */,
			);
			sourceTree = "<group>";
		};
		9A05EF191E95FD68008EEEF8 /* Products */ = {
			isa = PBXGroup;
			children = (
				9A05EF181E95FD68008EEEF8 /* ArithmeticProgression.app */,
				9A05EF341E968F4D008EEEF8 /* ArithmeticProgressionTests.xctest */,
			);
			name = Products;
			sourceTree = "<group>";
		};
		9A05EF1A1E95FD68008EEEF8 /* ArithmeticProgression */ = {
			isa = PBXGroup;
			children = (
				9A05EF1B1E95FD68008EEEF8 /* AppDelegate.swift */,
				9A05EF1D1E95FD68008EEEF8 /* ViewController.swift */,
				9A05EF1F1E95FD68008EEEF8 /* Main.storyboard */,
				9A05EF221E95FD68008EEEF8 /* Assets.xcassets */,
				9A05EF241E95FD68008EEEF8 /* LaunchScreen.storyboard */,
				9A05EF271E95FD68008EEEF8 /* Info.plist */,
			);
			path = ArithmeticProgression;
			sourceTree = "<group>";
		};
		9A05EF351E968F4E008EEEF8 /* ArithmeticProgressionTests */ = {
			isa = PBXGroup;
			children = (
				9A05EF2E1E968EEE008EEEF8 /* PrimeNumbersTests.swift */,
				9A05EF3F1E969492008EEEF8 /* ListOfFirst100000Primes.swift */,
				9A05EF381E968F4E008EEEF8 /* Info.plist */,
			);
			path = ArithmeticProgressionTests;
			sourceTree = "<group>";
		};
/* End PBXGroup section */

/* Begin PBXNativeTarget section */
		9A05EF171E95FD68008EEEF8 /* ArithmeticProgression */ = {
			isa = PBXNativeTarget;
			buildConfigurationList = 9A05EF2A1E95FD68008EEEF8 /* Build configuration list for PBXNativeTarget "ArithmeticProgression" */;
			buildPhases = (
				9A05EF141E95FD68008EEEF8 /* Sources */,
				9A05EF151E95FD68008EEEF8 /* Frameworks */,
				9A05EF161E95FD68008EEEF8 /* Resources */,
			);
			buildRules = (
			);
			dependencies = (
			);
			name = ArithmeticProgression;
			productName = ArithmeticProgression;
			productReference = 9A05EF181E95FD68008EEEF8 /* ArithmeticProgression.app */;
			productType = "com.apple.product-type.application";
		};
		9A05EF331E968F4D008EEEF8 /* ArithmeticProgressionTests */ = {
			isa = PBXNativeTarget;
			buildConfigurationList = 9A05EF3B1E968F4F008EEEF8 /* Build configuration list for PBXNativeTarget "ArithmeticProgressionTests" */;
			buildPhases = (
				9A05EF301E968F4D008EEEF8 /* Sources */,
				9A05EF311E968F4D008EEEF8 /* Frameworks */,
				9A05EF321E968F4D008EEEF8 /* Resources */,
			);
			buildRules = (
			);
			dependencies = (
				9A05EF3A1E968F4E008EEEF8 /* PBXTargetDependency */,
			);
			name = ArithmeticProgressionTests;
			productName = ArithmeticProgressionTests;
			productReference = 9A05EF341E968F4D008EEEF8 /* ArithmeticProgressionTests.xctest */;
			productType = "com.apple.product-type.bundle.unit-test";
		};
/* End PBXNativeTarget section */

/* Begin PBXProject section */
		9A05EF101E95FD68008EEEF8 /* Project object */ = {
			isa = PBXProject;
			attributes = {
				LastSwiftUpdateCheck = 0820;
				LastUpgradeCheck = 0820;
				ORGANIZATIONNAME = Magnolia;
				TargetAttributes = {
					9A05EF171E95FD68008EEEF8 = {
						CreatedOnToolsVersion = 8.2.1;
						ProvisioningStyle = Automatic;
					};
					9A05EF331E968F4D008EEEF8 = {
						CreatedOnToolsVersion = 8.2.1;
						ProvisioningStyle = Automatic;
						TestTargetID = 9A05EF171E95FD68008EEEF8;
					};
				};
			};
			buildConfigurationList = 9A05EF131E95FD68008EEEF8 /* Build configuration list for PBXProject "ArithmeticProgression" */;
			compatibilityVersion = "Xcode 3.2";
			developmentRegion = English;
			hasScannedForEncodings = 0;
			knownRegions = (
				en,
				Base,
			);
			mainGroup = 9A05EF0F1E95FD68008EEEF8;
			productRefGroup = 9A05EF191E95FD68008EEEF8 /* Products */;
			projectDirPath = "";
			projectRoot = "";
			targets = (
				9A05EF171E95FD68008EEEF8 /* ArithmeticProgression */,
				9A05EF331E968F4D008EEEF8 /* ArithmeticProgressionTests */,
			);
		};
/* End PBXProject section */

/* Begin PBXResourcesBuildPhase section */
		9A05EF161E95FD68008EEEF8 /* Resources */ = {
			isa = PBXResourcesBuildPhase;
			buildActionMask = 2147483647;
			files = (
				9A05EF261E95FD68008EEEF8 /* LaunchScreen.storyboard in Resources */,
				9A05EF231E95FD68008EEEF8 /* Assets.xcassets in Resources */,
				9A05EF211E95FD68008EEEF8 /* Main.storyboard in Resources */,
			);
			runOnlyForDeploymentPostprocessing = 0;
		};
		9A05EF321E968F4D008EEEF8 /* Resources */ = {
			isa = PBXResourcesBuildPhase;
			buildActionMask = 2147483647;
			files = (
			);
			runOnlyForDeploymentPostprocessing = 0;
		};
/* End PBXResourcesBuildPhase section */

/* Begin PBXSourcesBuildPhase section */
		9A05EF141E95FD68008EEEF8 /* Sources */ = {
			isa = PBXSourcesBuildPhase;
			buildActionMask = 2147483647;
			files = (
				9A05EF1E1E95FD68008EEEF8 /* ViewController.swift in Sources */,
				9A05EF1C1E95FD68008EEEF8 /* AppDelegate.swift in Sources */,
			);
			runOnlyForDeploymentPostprocessing = 0;
		};
		9A05EF301E968F4D008EEEF8 /* Sources */ = {
			isa = PBXSourcesBuildPhase;
			buildActionMask = 2147483647;
			files = (
				9A05EF401E969492008EEEF8 /* ListOfFirst100000Primes.swift in Sources */,
				9A05EF3E1E968FA8008EEEF8 /* PrimeNumbersTests.swift in Sources */,
			);
			runOnlyForDeploymentPostprocessing = 0;
		};
/* End PBXSourcesBuildPhase section */

/* Begin PBXTargetDependency section */
		9A05EF3A1E968F4E008EEEF8 /* PBXTargetDependency */ = {
			isa = PBXTargetDependency;
			target = 9A05EF171E95FD68008EEEF8 /* ArithmeticProgression */;
			targetProxy = 9A05EF391E968F4E008EEEF8 /* PBXContainerItemProxy */;
		};
/* End PBXTargetDependency section */

/* Begin PBXVariantGroup section */
		9A05EF1F1E95FD68008EEEF8 /* Main.storyboard */ = {
			isa = PBXVariantGroup;
			children = (
				9A05EF201E95FD68008EEEF8 /* Base */,
			);
			name = Main.storyboard;
			sourceTree = "<group>";
		};
		9A05EF241E95FD68008EEEF8 /* LaunchScreen.storyboard */ = {
			isa = PBXVariantGroup;
			children = (
				9A05EF251E95FD68008EEEF8 /* Base */,
			);
			name = LaunchScreen.storyboard;
			sourceTree = "<group>";
		};
/* End PBXVariantGroup section */

/* Begin XCBuildConfiguration section */
		9A05EF281E95FD68008EEEF8 /* Debug */ = {
			isa = XCBuildConfiguration;
			buildSettings = {
				ALWAYS_SEARCH_USER_PATHS = NO;
				CLANG_ANALYZER_NONNULL = YES;
				CLANG_CXX_LANGUAGE_STANDARD = "gnu++0x";
				CLANG_CXX_LIBRARY = "libc++";
				CLANG_ENABLE_MODULES = YES;
				CLANG_ENABLE_OBJC_ARC = YES;
				CLANG_WARN_BOOL_CONVERSION = YES;
				CLANG_WARN_CONSTANT_CONVERSION = YES;
				CLANG_WARN_DIRECT_OBJC_ISA_USAGE = YES_ERROR;
				CLANG_WARN_DOCUMENTATION_COMMENTS = YES;
				CLANG_WARN_EMPTY_BODY = YES;
				CLANG_WARN_ENUM_CONVERSION = YES;
				CLANG_WARN_INFINITE_RECURSION = YES;
				CLANG_WARN_INT_CONVERSION = YES;
				CLANG_WARN_OBJC_ROOT_CLASS = YES_ERROR;
				CLANG_WARN_SUSPICIOUS_MOVE = YES;
				CLANG_WARN_UNREACHABLE_CODE = YES;
				CLANG_WARN__DUPLICATE_METHOD_MATCH = YES;
				"CODE_SIGN_IDENTITY[sdk=iphoneos*]" = "iPhone Developer";
				COPY_PHASE_STRIP = NO;
				DEBUG_INFORMATION_FORMAT = dwarf;
				ENABLE_STRICT_OBJC_MSGSEND = YES;
				ENABLE_TESTABILITY = YES;
				GCC_C_LANGUAGE_STANDARD = gnu99;
				GCC_DYNAMIC_NO_PIC = NO;
				GCC_NO_COMMON_BLOCKS = YES;
				GCC_OPTIMIZATION_LEVEL = 0;
				GCC_PREPROCESSOR_DEFINITIONS = (
					"DEBUG=1",
					"$(inherited)",
				);
				GCC_WARN_64_TO_32_BIT_CONVERSION = YES;
				GCC_WARN_ABOUT_RETURN_TYPE = YES_ERROR;
				GCC_WARN_UNDECLARED_SELECTOR = YES;
				GCC_WARN_UNINITIALIZED_AUTOS = YES_AGGRESSIVE;
				GCC_WARN_UNUSED_FUNCTION = YES;
				GCC_WARN_UNUSED_VARIABLE = YES;
				IPHONEOS_DEPLOYMENT_TARGET = 10.2;
				MTL_ENABLE_DEBUG_INFO = YES;
				ONLY_ACTIVE_ARCH = YES;
				SDKROOT = iphoneos;
				SWIFT_ACTIVE_COMPILATION_CONDITIONS = DEBUG;
				SWIFT_OPTIMIZATION_LEVEL = "-Onone";
				TARGETED_DEVICE_FAMILY = "1,2";
			};
			name = Debug;
		};
		9A05EF291E95FD68008EEEF8 /* Release */ = {
			isa = XCBuildConfiguration;
			buildSettings = {
				ALWAYS_SEARCH_USER_PATHS = NO;
				CLANG_ANALYZER_NONNULL = YES;
				CLANG_CXX_LANGUAGE_STANDARD = "gnu++0x";
				CLANG_CXX_LIBRARY = "libc++";
				CLANG_ENABLE_MODULES = YES;
				CLANG_ENABLE_OBJC_ARC = YES;
				CLANG_WARN_BOOL_CONVERSION = YES;
				CLANG_WARN_CONSTANT_CONVERSION = YES;
				CLANG_WARN_DIRECT_OBJC_ISA_USAGE = YES_ERROR;
				CLANG_WARN_DOCUMENTATION_COMMENTS = YES;
				CLANG_WARN_EMPTY_BODY = YES;
				CLANG_WARN_ENUM_CONVERSION = YES;
				CLANG_WARN_INFINITE_RECURSION = YES;
				CLANG_WARN_INT_CONVERSION = YES;
				CLANG_WARN_OBJC_ROOT_CLASS = YES_ERROR;
				CLANG_WARN_SUSPICIOUS_MOVE = YES;
				CLANG_WARN_UNREACHABLE_CODE = YES;
				CLANG_WARN__DUPLICATE_METHOD_MATCH = YES;
				"CODE_SIGN_IDENTITY[sdk=iphoneos*]" = "iPhone Developer";
				COPY_PHASE_STRIP = NO;
				DEBUG_INFORMATION_FORMAT = "dwarf-with-dsym";
				ENABLE_NS_ASSERTIONS = NO;
				ENABLE_STRICT_OBJC_MSGSEND = YES;
				GCC_C_LANGUAGE_STANDARD = gnu99;
				GCC_NO_COMMON_BLOCKS = YES;
				GCC_WARN_64_TO_32_BIT_CONVERSION = YES;
				GCC_WARN_ABOUT_RETURN_TYPE = YES_ERROR;
				GCC_WARN_UNDECLARED_SELECTOR = YES;
				GCC_WARN_UNINITIALIZED_AUTOS = YES_AGGRESSIVE;
				GCC_WARN_UNUSED_FUNCTION = YES;
				GCC_WARN_UNUSED_VARIABLE = YES;
				IPHONEOS_DEPLOYMENT_TARGET = 10.2;
				MTL_ENABLE_DEBUG_INFO = NO;
				SDKROOT = iphoneos;
				SWIFT_OPTIMIZATION_LEVEL = "-Owholemodule";
				TARGETED_DEVICE_FAMILY = "1,2";
				VALIDATE_PRODUCT = YES;
			};
			name = Release;
		};
		9A05EF2B1E95FD68008EEEF8 /* Debug */ = {
			isa = XCBuildConfiguration;
			buildSettings = {
				ASSETCATALOG_COMPILER_APPICON_NAME = AppIcon;
				INFOPLIST_FILE = ArithmeticProgression/Info.plist;
				LD_RUNPATH_SEARCH_PATHS = "$(inherited) @executable_path/Frameworks";
				PRODUCT_BUNDLE_IDENTIFIER = drew.ArithmeticProgression;
				PRODUCT_NAME = "$(TARGET_NAME)";
				SWIFT_VERSION = 3.0;
			};
			name = Debug;
		};
		9A05EF2C1E95FD68008EEEF8 /* Release */ = {
			isa = XCBuildConfiguration;
			buildSettings = {
				ASSETCATALOG_COMPILER_APPICON_NAME = AppIcon;
				INFOPLIST_FILE = ArithmeticProgression/Info.plist;
				LD_RUNPATH_SEARCH_PATHS = "$(inherited) @executable_path/Frameworks";
				PRODUCT_BUNDLE_IDENTIFIER = drew.ArithmeticProgression;
				PRODUCT_NAME = "$(TARGET_NAME)";
				SWIFT_VERSION = 3.0;
			};
			name = Release;
		};
		9A05EF3C1E968F4F008EEEF8 /* Debug */ = {
			isa = XCBuildConfiguration;
			buildSettings = {
				BUNDLE_LOADER = "$(TEST_HOST)";
				INFOPLIST_FILE = ArithmeticProgressionTests/Info.plist;
				LD_RUNPATH_SEARCH_PATHS = "$(inherited) @executable_path/Frameworks @loader_path/Frameworks";
				PRODUCT_BUNDLE_IDENTIFIER = drew.ArithmeticProgressionTests;
				PRODUCT_NAME = "$(TARGET_NAME)";
				SWIFT_VERSION = 3.0;
				TEST_HOST = "$(BUILT_PRODUCTS_DIR)/ArithmeticProgression.app/ArithmeticProgression";
			};
			name = Debug;
		};
		9A05EF3D1E968F4F008EEEF8 /* Release */ = {
			isa = XCBuildConfiguration;
			buildSettings = {
				BUNDLE_LOADER = "$(TEST_HOST)";
				INFOPLIST_FILE = ArithmeticProgressionTests/Info.plist;
				LD_RUNPATH_SEARCH_PATHS = "$(inherited) @executable_path/Frameworks @loader_path/Frameworks";
				PRODUCT_BUNDLE_IDENTIFIER = drew.ArithmeticProgressionTests;
				PRODUCT_NAME = "$(TARGET_NAME)";
				SWIFT_VERSION = 3.0;
				TEST_HOST = "$(BUILT_PRODUCTS_DIR)/ArithmeticProgression.app/ArithmeticProgression";
			};
			name = Release;
		};
/* End XCBuildConfiguration section */

/* Begin XCConfigurationList section */
		9A05EF131E95FD68008EEEF8 /* Build configuration list for PBXProject "ArithmeticProgression" */ = {
			isa = XCConfigurationList;
			buildConfigurations = (
				9A05EF281E95FD68008EEEF8 /* Debug */,
				9A05EF291E95FD68008EEEF8 /* Release */,
			);
			defaultConfigurationIsVisible = 0;
			defaultConfigurationName = Release;
		};
		9A05EF2A1E95FD68008EEEF8 /* Build configuration list for PBXNativeTarget "ArithmeticProgression" */ = {
			isa = XCConfigurationList;
			buildConfigurations = (
				9A05EF2B1E95FD68008EEEF8 /* Debug */,
				9A05EF2C1E95FD68008EEEF8 /* Release */,
			);
			defaultConfigurationIsVisible = 0;
		};
		9A05EF3B1E968F4F008EEEF8 /* Build configuration list for PBXNativeTarget "ArithmeticProgressionTests" */ = {
			isa = XCConfigurationList;
			buildConfigurations = (
				9A05EF3C1E968F4F008EEEF8 /* Debug */,
				9A05EF3D1E968F4F008EEEF8 /* Release */,
			);
			defaultConfigurationIsVisible = 0;
		};
/* End XCConfigurationList section */
	};
	rootObject = 9A05EF101E95FD68008EEEF8 /* Project object */;
}
